
Microsoft Visual Studio Solution File, Format Version 12.00
# Visual Studio Version 17
VisualStudioVersion = 17.9.34616.47
MinimumVisualStudioVersion = 10.0.40219.1
Project("{FAE04EC0-301F-11D3-BF4B-00C04F79EFBC}") = "WebApi", "WebApi.csproj", "{81BEEFA3-A7F7-453E-94EF-C4B7C1EEB4E2}"
EndProject
Global
	GlobalSection(SolutionConfigurationPlatforms) = preSolution
		Debug|Any CPU = Debug|Any CPU
		Release|Any CPU = Release|Any CPU
	EndGlobalSection
	GlobalSection(ProjectConfigurationPlatforms) = postSolution
		{81BEEFA3-A7F7-453E-94EF-C4B7C1EEB4E2}.Debug|Any CPU.ActiveCfg = Debug|Any CPU
		{81BEEFA3-A7F7-453E-94EF-C4B7C1EEB4E2}.Debug|Any CPU.Build.0 = Debug|Any CPU
		{81BEEFA3-A7F7-453E-94EF-C4B7C1EEB4E2}.Release|Any CPU.ActiveCfg = Release|Any CPU
		{81BEEFA3-A7F7-453E-94EF-C4B7C1EEB4E2}.Release|Any CPU.Build.0 = Release|Any CPU
	EndGlobalSection
	GlobalSection(SolutionProperties) = preSolution
		HideSolutionNode = FALSE
	EndGlobalSection
	GlobalSection(ExtensibilityGlobals) = postSolution
		SolutionGuid = {9E102006-2490-4D8C-AED8-8F73967122A7}
	EndGlobalSection
EndGlobal
